
Microsoft Visual Studio Solution File, Format Version 12.00
# Visual Studio 15
VisualStudioVersion = 15.0.28010.2026
MinimumVisualStudioVersion = 10.0.40219.1
Project("{8BC9CEB8-8B4A-11D0-8D11-00A0C91BC942}") = "Flex", "Flex\Flex.vcxproj", "{00393446-7EB6-43BC-8E62-394D8253076B}"
EndProject
Project("{8BC9CEB8-8B4A-11D0-8D11-00A0C91BC942}") = "Bison", "Bison\Bison.vcxproj", "{58C92CD1-6432-4D2F-B226-B5F5E0222C96}"
EndProject
Project("{8BC9CEB8-8B4A-11D0-8D11-00A0C91BC942}") = "Analyzer", "Analyzer\Analyzer.vcxproj", "{F5703524-239B-4F10-8D1E-1C7121BE87EA}"
EndProject
Global
	GlobalSection(SolutionConfigurationPlatforms) = preSolution
		Debug|x64 = Debug|x64
		Debug|x86 = Debug|x86
		Release|x64 = Release|x64
		Release|x86 = Release|x86
	EndGlobalSection
	GlobalSection(ProjectConfigurationPlatforms) = postSolution
		{00393446-7EB6-43BC-8E62-394D8253076B}.Debug|x64.ActiveCfg = Debug|x64
		{00393446-7EB6-43BC-8E62-394D8253076B}.Debug|x64.Build.0 = Debug|x64
		{00393446-7EB6-43BC-8E62-394D8253076B}.Debug|x86.ActiveCfg = Debug|Win32
		{00393446-7EB6-43BC-8E62-394D8253076B}.Debug|x86.Build.0 = Debug|Win32
		{00393446-7EB6-43BC-8E62-394D8253076B}.Release|x64.ActiveCfg = Release|x64
		{00393446-7EB6-43BC-8E62-394D8253076B}.Release|x64.Build.0 = Release|x64
		{00393446-7EB6-43BC-8E62-394D8253076B}.Release|x86.ActiveCfg = Release|Win32
		{00393446-7EB6-43BC-8E62-394D8253076B}.Release|x86.Build.0 = Release|Win32
		{58C92CD1-6432-4D2F-B226-B5F5E0222C96}.Debug|x64.ActiveCfg = Debug|x64
		{58C92CD1-6432-4D2F-B226-B5F5E0222C96}.Debug|x64.Build.0 = Debug|x64
		{58C92CD1-6432-4D2F-B226-B5F5E0222C96}.Debug|x86.ActiveCfg = Debug|Win32
		{58C92CD1-6432-4D2F-B226-B5F5E0222C96}.Debug|x86.Build.0 = Debug|Win32
		{58C92CD1-6432-4D2F-B226-B5F5E0222C96}.Release|x64.ActiveCfg = Release|x64
		{58C92CD1-6432-4D2F-B226-B5F5E0222C96}.Release|x64.Build.0 = Release|x64
		{58C92CD1-6432-4D2F-B226-B5F5E0222C96}.Release|x86.ActiveCfg = Release|Win32
		{58C92CD1-6432-4D2F-B226-B5F5E0222C96}.Release|x86.Build.0 = Release|Win32
		{F5703524-239B-4F10-8D1E-1C7121BE87EA}.Debug|x64.ActiveCfg = Debug|x64
		{F5703524-239B-4F10-8D1E-1C7121BE87EA}.Debug|x64.Build.0 = Debug|x64
		{F5703524-239B-4F10-8D1E-1C7121BE87EA}.Debug|x86.ActiveCfg = Debug|Win32
		{F5703524-239B-4F10-8D1E-1C7121BE87EA}.Debug|x86.Build.0 = Debug|Win32
		{F5703524-239B-4F10-8D1E-1C7121BE87EA}.Release|x64.ActiveCfg = Release|x64
		{F5703524-239B-4F10-8D1E-1C7121BE87EA}.Release|x64.Build.0 = Release|x64
		{F5703524-239B-4F10-8D1E-1C7121BE87EA}.Release|x86.ActiveCfg = Release|Win32
		{F5703524-239B-4F10-8D1E-1C7121BE87EA}.Release|x86.Build.0 = Release|Win32
	EndGlobalSection
	GlobalSection(SolutionProperties) = preSolution
		HideSolutionNode = FALSE
	EndGlobalSection
	GlobalSection(ExtensibilityGlobals) = postSolution
		SolutionGuid = {35A5834D-32CB-45BB-B4BB-647AD5222671}
	EndGlobalSection
EndGlobal
